{
    "version": 3,
    "terraform_version": "0.11.3",
    "serial": 24,
    "lineage": "14098cb0-171c-4971-953d-92fc271036a5",
    "modules": [
        {
            "path": [
                "root"
            ],
            "outputs": {
                "id": {
                    "sensitive": false,
                    "type": "string",
                    "value": "i-021932e957cf518e8"
                },
                "ip": {
                    "sensitive": false,
                    "type": "string",
                    "value": "34.201.35.62"
                }
            },
            "resources": {
                "aws_instance.web": {
                    "type": "aws_instance",
                    "depends_on": [],
                    "primary": {
                        "id": "i-021932e957cf518e8",
                        "attributes": {
                            "ami": "ami-7b807206",
                            "associate_public_ip_address": "true",
                            "availability_zone": "us-east-1a",
                            "disable_api_termination": "false",
                            "ebs_block_device.#": "0",
                            "ebs_optimized": "false",
                            "ephemeral_block_device.#": "0",
                            "iam_instance_profile": "",
                            "id": "i-021932e957cf518e8",
                            "instance_state": "running",
                            "instance_type": "c5.xlarge",
                            "ipv6_addresses.#": "0",
                            "key_name": "dev",
                            "monitoring": "false",
                            "network_interface.#": "0",
                            "network_interface_id": "eni-4a2e00ca",
                            "placement_group": "",
                            "primary_network_interface_id": "eni-4a2e00ca",
                            "private_dns": "ip-172-31-7-72.ec2.internal",
                            "private_ip": "172.31.7.72",
                            "public_dns": "ec2-34-201-35-62.compute-1.amazonaws.com",
                            "public_ip": "34.201.35.62",
                            "root_block_device.#": "1",
                            "root_block_device.0.delete_on_termination": "true",
                            "root_block_device.0.iops": "100",
                            "root_block_device.0.volume_id": "vol-0ded24bed459fd3fa",
                            "root_block_device.0.volume_size": "8",
                            "root_block_device.0.volume_type": "gp2",
                            "security_groups.#": "1",
                            "security_groups.991457757": "all",
                            "source_dest_check": "true",
                            "subnet_id": "subnet-c11c1fa5",
                            "tags.%": "0",
                            "tenancy": "default",
                            "volume_tags.%": "0",
                            "vpc_security_group_ids.#": "1",
                            "vpc_security_group_ids.3453312491": "sg-ea6bbe9c"
                        },
                        "meta": {
                            "e2bfb730-ecaa-11e6-8f88-34363bc7c4c0": {
                                "create": 600000000000,
                                "delete": 1200000000000,
                                "update": 600000000000
                            },
                            "schema_version": "1"
                        },
                        "tainted": false
                    },
                    "deposed": [],
                    "provider": "provider.aws"
                }
            },
            "depends_on": []
        }
    ]
}
